
Microsoft Visual Studio Solution File, Format Version 12.00
# Visual Studio 2012
Project("{FAE04EC0-301F-11D3-BF4B-00C04F79EFBC}") = "SlotMachineSundrup01302018", "SlotMachineSundrup01302018\SlotMachineSundrup01302018.csproj", "{ECD194CA-BD89-4BE3-9B4E-F26FA37ABF4F}"
EndProject
Global
	GlobalSection(SolutionConfigurationPlatforms) = preSolution
		Debug|Any CPU = Debug|Any CPU
		Release|Any CPU = Release|Any CPU
	EndGlobalSection
	GlobalSection(ProjectConfigurationPlatforms) = postSolution
		{ECD194CA-BD89-4BE3-9B4E-F26FA37ABF4F}.Debug|Any CPU.ActiveCfg = Debug|Any CPU
		{ECD194CA-BD89-4BE3-9B4E-F26FA37ABF4F}.Debug|Any CPU.Build.0 = Debug|Any CPU
		{ECD194CA-BD89-4BE3-9B4E-F26FA37ABF4F}.Release|Any CPU.ActiveCfg = Release|Any CPU
		{ECD194CA-BD89-4BE3-9B4E-F26FA37ABF4F}.Release|Any CPU.Build.0 = Release|Any CPU
	EndGlobalSection
	GlobalSection(SolutionProperties) = preSolution
		HideSolutionNode = FALSE
	EndGlobalSection
EndGlobal
