
Microsoft Visual Studio Solution File, Format Version 12.00
# Visual Studio 2012
Project("{FAE04EC0-301F-11D3-BF4B-00C04F79EFBC}") = "Loan2018", "Loan2018\Loan2018.csproj", "{67512147-4209-4DFA-ABAB-8A021057CBEA}"
EndProject
Project("{FAE04EC0-301F-11D3-BF4B-00C04F79EFBC}") = "Loan", "Loan\Loan.csproj", "{3453512E-BDE8-46F5-B2CB-3634C1F9A6B1}"
EndProject
Global
	GlobalSection(SolutionConfigurationPlatforms) = preSolution
		Debug|Any CPU = Debug|Any CPU
		Release|Any CPU = Release|Any CPU
	EndGlobalSection
	GlobalSection(ProjectConfigurationPlatforms) = postSolution
		{67512147-4209-4DFA-ABAB-8A021057CBEA}.Debug|Any CPU.ActiveCfg = Debug|Any CPU
		{67512147-4209-4DFA-ABAB-8A021057CBEA}.Debug|Any CPU.Build.0 = Debug|Any CPU
		{67512147-4209-4DFA-ABAB-8A021057CBEA}.Release|Any CPU.ActiveCfg = Release|Any CPU
		{67512147-4209-4DFA-ABAB-8A021057CBEA}.Release|Any CPU.Build.0 = Release|Any CPU
		{3453512E-BDE8-46F5-B2CB-3634C1F9A6B1}.Debug|Any CPU.ActiveCfg = Debug|Any CPU
		{3453512E-BDE8-46F5-B2CB-3634C1F9A6B1}.Debug|Any CPU.Build.0 = Debug|Any CPU
		{3453512E-BDE8-46F5-B2CB-3634C1F9A6B1}.Release|Any CPU.ActiveCfg = Release|Any CPU
		{3453512E-BDE8-46F5-B2CB-3634C1F9A6B1}.Release|Any CPU.Build.0 = Release|Any CPU
	EndGlobalSection
	GlobalSection(SolutionProperties) = preSolution
		HideSolutionNode = FALSE
	EndGlobalSection
EndGlobal
